
Microsoft Visual Studio Solution File, Format Version 12.00
# Visual Studio Version 16
VisualStudioVersion = 16.0.31729.503
MinimumVisualStudioVersion = 10.0.40219.1
Project("{FAE04EC0-301F-11D3-BF4B-00C04F79EFBC}") = "Cshap_Mvc", "Cshap_Mvc\Cshap_Mvc.csproj", "{C5F95F5A-5C02-4263-A12E-AE00530C381A}"
EndProject
Global
	GlobalSection(SolutionConfigurationPlatforms) = preSolution
		Debug|Any CPU = Debug|Any CPU
		Release|Any CPU = Release|Any CPU
	EndGlobalSection
	GlobalSection(ProjectConfigurationPlatforms) = postSolution
		{C5F95F5A-5C02-4263-A12E-AE00530C381A}.Debug|Any CPU.ActiveCfg = Debug|Any CPU
		{C5F95F5A-5C02-4263-A12E-AE00530C381A}.Debug|Any CPU.Build.0 = Debug|Any CPU
		{C5F95F5A-5C02-4263-A12E-AE00530C381A}.Release|Any CPU.ActiveCfg = Release|Any CPU
		{C5F95F5A-5C02-4263-A12E-AE00530C381A}.Release|Any CPU.Build.0 = Release|Any CPU
	EndGlobalSection
	GlobalSection(SolutionProperties) = preSolution
		HideSolutionNode = FALSE
	EndGlobalSection
	GlobalSection(ExtensibilityGlobals) = postSolution
		SolutionGuid = {C13FF322-D8A7-472A-82B6-51EF87E5C173}
	EndGlobalSection
EndGlobal
